
Microsoft Visual Studio Solution File, Format Version 12.00
# Visual Studio 2015
Project("{FAE04EC0-301F-11D3-BF4B-00C04F79EFBC}") = "0.2 - Bakalauras", "0.2 - Bakalauras.csproj", "{A2D7DE19-AE2D-4599-AB31-0072F6298BF0}"
EndProject
Project("{FAE04EC0-301F-11D3-BF4B-00C04F79EFBC}") = "0.2 - Bakalauras.Editor", "0.2 - Bakalauras.Editor.csproj", "{2622C9BE-9477-7D57-E3EB-8F68A6209E0B}"
EndProject
Global
	GlobalSection(SolutionConfigurationPlatforms) = preSolution
		Debug|Any CPU = Debug|Any CPU
		Release|Any CPU = Release|Any CPU
	EndGlobalSection
	GlobalSection(ProjectConfigurationPlatforms) = postSolution
		{A2D7DE19-AE2D-4599-AB31-0072F6298BF0}.Debug|Any CPU.ActiveCfg = Debug|Any CPU
		{A2D7DE19-AE2D-4599-AB31-0072F6298BF0}.Debug|Any CPU.Build.0 = Debug|Any CPU
		{A2D7DE19-AE2D-4599-AB31-0072F6298BF0}.Release|Any CPU.ActiveCfg = Release|Any CPU
		{A2D7DE19-AE2D-4599-AB31-0072F6298BF0}.Release|Any CPU.Build.0 = Release|Any CPU
		{2622C9BE-9477-7D57-E3EB-8F68A6209E0B}.Debug|Any CPU.ActiveCfg = Debug|Any CPU
		{2622C9BE-9477-7D57-E3EB-8F68A6209E0B}.Debug|Any CPU.Build.0 = Debug|Any CPU
		{2622C9BE-9477-7D57-E3EB-8F68A6209E0B}.Release|Any CPU.ActiveCfg = Release|Any CPU
		{2622C9BE-9477-7D57-E3EB-8F68A6209E0B}.Release|Any CPU.Build.0 = Release|Any CPU
	EndGlobalSection
	GlobalSection(SolutionProperties) = preSolution
		HideSolutionNode = FALSE
	EndGlobalSection
EndGlobal
